// !$*UTF8*$!
{
	archiveVersion = 1;
	classes = {
	};
	objectVersion = 56;
	objects = {

/* Begin PBXBuildFile section */
		341A8EF62CC52A1B0040C3CA /* Opening.swift in Sources */ = {isa = PBXBuildFile; fileRef = 341A8EF52CC52A160040C3CA /* Opening.swift */; };
		341A8EFB2CC52D0E0040C3CA /* OtaArea.swift in Sources */ = {isa = PBXBuildFile; fileRef = 341A8EFA2CC52CFD0040C3CA /* OtaArea.swift */; };
		341A8EFD2CC52D180040C3CA /* Area.swift in Sources */ = {isa = PBXBuildFile; fileRef = 341A8EFC2CC52D140040C3CA /* Area.swift */; };
		341A8EFF2CC52EF10040C3CA /* AreaCSVLoader.swift in Sources */ = {isa = PBXBuildFile; fileRef = 341A8EFE2CC52EDC0040C3CA /* AreaCSVLoader.swift */; };
		341A91EE2CD353270040C3CA /* QRReader.swift in Sources */ = {isa = PBXBuildFile; fileRef = 341A91ED2CD353200040C3CA /* QRReader.swift */; };
		341A91F02CD3A0140040C3CA /* UserView.swift in Sources */ = {isa = PBXBuildFile; fileRef = 341A91EF2CD3A00F0040C3CA /* UserView.swift */; };
		341A91F52CD3AAA30040C3CA /* Animation.swift in Sources */ = {isa = PBXBuildFile; fileRef = 341A91F42CD3AA960040C3CA /* Animation.swift */; };
		341A91F72CD3AEC90040C3CA /* HoldHotWaterAnimation.swift in Sources */ = {isa = PBXBuildFile; fileRef = 341A91F62CD3AE440040C3CA /* HoldHotWaterAnimation.swift */; };
		341A92012CD3C3CF0040C3CA /* LocationService.swift in Sources */ = {isa = PBXBuildFile; fileRef = 341A92002CD3C3C50040C3CA /* LocationService.swift */; };
		341A92032CD3C53E0040C3CA /* RealLocationService.swift in Sources */ = {isa = PBXBuildFile; fileRef = 341A92022CD3C5360040C3CA /* RealLocationService.swift */; };
		341A92052CD3C9440040C3CA /* MockLocationService.swift in Sources */ = {isa = PBXBuildFile; fileRef = 341A92042CD3C9270040C3CA /* MockLocationService.swift */; };
		341A92102CD5C47C0040C3CA /* NoticeLabel.swift in Sources */ = {isa = PBXBuildFile; fileRef = 341A920F2CD5C3E50040C3CA /* NoticeLabel.swift */; };
		341A92122CD5CF740040C3CA /* Game.swift in Sources */ = {isa = PBXBuildFile; fileRef = 341A92112CD5CF6B0040C3CA /* Game.swift */; };
		341A921A2CD5F7950040C3CA /* TextAnimationStrategy.swift in Sources */ = {isa = PBXBuildFile; fileRef = 341A92192CD5F78E0040C3CA /* TextAnimationStrategy.swift */; };
		341A921C2CD5F7FE0040C3CA /* TypingTextAnimation.swift in Sources */ = {isa = PBXBuildFile; fileRef = 341A921B2CD5F7F00040C3CA /* TypingTextAnimation.swift */; };
		341A921E2CD60BE80040C3CA /* BlinkingTextAnimation.swift in Sources */ = {isa = PBXBuildFile; fileRef = 341A921D2CD60BE70040C3CA /* BlinkingTextAnimation.swift */; };
		341A92202CD6121C0040C3CA /* BadgeAnnotation.swift in Sources */ = {isa = PBXBuildFile; fileRef = 341A921F2CD612100040C3CA /* BadgeAnnotation.swift */; };
		341A922D2CD798CF0040C3CA /* ProgressBar.swift in Sources */ = {isa = PBXBuildFile; fileRef = 341A922C2CD798CC0040C3CA /* ProgressBar.swift */; };
		341A92312CD7E42F0040C3CA /* Ex+UIColor.swift in Sources */ = {isa = PBXBuildFile; fileRef = 341A92302CD7E42A0040C3CA /* Ex+UIColor.swift */; };
		341A92372CD8D20B0040C3CA /* Ex+UIView.swift in Sources */ = {isa = PBXBuildFile; fileRef = 341A92362CD8D2070040C3CA /* Ex+UIView.swift */; };
		341A923B2CD925110040C3CA /* piyoPark.txt in Resources */ = {isa = PBXBuildFile; fileRef = 341A923A2CD925090040C3CA /* piyoPark.txt */; };
		341A923D2CD925440040C3CA /* PiyoParkArea.swift in Sources */ = {isa = PBXBuildFile; fileRef = 341A923C2CD9253A0040C3CA /* PiyoParkArea.swift */; };
		343D818D2CDA56FC0077D6A3 /* CleanProgressCalculator.swift in Sources */ = {isa = PBXBuildFile; fileRef = 343D818C2CDA55160077D6A3 /* CleanProgressCalculator.swift */; };
		343D819E2CDB5BD90077D6A3 /* EraseCircleRenderer.swift in Sources */ = {isa = PBXBuildFile; fileRef = 343D819D2CDB5BBC0077D6A3 /* EraseCircleRenderer.swift */; };
		9D6F26F62C89FD3600A5B97C /* AppDelegate.swift in Sources */ = {isa = PBXBuildFile; fileRef = 9D6F26F52C89FD3600A5B97C /* AppDelegate.swift */; };
		9D6F26F82C89FD3600A5B97C /* SceneDelegate.swift in Sources */ = {isa = PBXBuildFile; fileRef = 9D6F26F72C89FD3600A5B97C /* SceneDelegate.swift */; };
		9D6F26FF2C89FD3700A5B97C /* Assets.xcassets in Resources */ = {isa = PBXBuildFile; fileRef = 9D6F26FE2C89FD3700A5B97C /* Assets.xcassets */; };
		9D6F270D2C89FD3700A5B97C /* HotSpringWorrierTests.swift in Sources */ = {isa = PBXBuildFile; fileRef = 9D6F270C2C89FD3700A5B97C /* HotSpringWorrierTests.swift */; };
		9D6F27172C89FD3700A5B97C /* HotSpringWarriorUITests.swift in Sources */ = {isa = PBXBuildFile; fileRef = 9D6F27162C89FD3700A5B97C /* HotSpringWarriorUITests.swift */; };
		9D6F27192C89FD3700A5B97C /* HotSpringWarriorUITestsLaunchTests.swift in Sources */ = {isa = PBXBuildFile; fileRef = 9D6F27182C89FD3700A5B97C /* HotSpringWarriorUITestsLaunchTests.swift */; };
		9D6F27402C89FE3B00A5B97C /* OpeningViewController.swift in Sources */ = {isa = PBXBuildFile; fileRef = 9D6F273F2C89FE3B00A5B97C /* OpeningViewController.swift */; };
		9D6F27432C8A0D4100A5B97C /* OpeningLabel.swift in Sources */ = {isa = PBXBuildFile; fileRef = 9D6F27422C8A0D4100A5B97C /* OpeningLabel.swift */; };
		9D6F27452C8A15AC00A5B97C /* TitleLabel.swift in Sources */ = {isa = PBXBuildFile; fileRef = 9D6F27442C8A15AC00A5B97C /* TitleLabel.swift */; };
		9D6F27472C8A857100A5B97C /* GameViewController.swift in Sources */ = {isa = PBXBuildFile; fileRef = 9D6F27462C8A857100A5B97C /* GameViewController.swift */; };
		9D6F27562C8ADBB400A5B97C /* otaArea.txt in Resources */ = {isa = PBXBuildFile; fileRef = 9D6F27552C8ADBB400A5B97C /* otaArea.txt */; };
		9D6F27592C8B29A400A5B97C /* ErasePolylineRenderer.swift in Sources */ = {isa = PBXBuildFile; fileRef = 9D6F27582C8B29A400A5B97C /* ErasePolylineRenderer.swift */; };
/* End PBXBuildFile section */

/* Begin PBXContainerItemProxy section */
		9D6F27092C89FD3700A5B97C /* PBXContainerItemProxy */ = {
			isa = PBXContainerItemProxy;
			containerPortal = 9D6F26EA2C89FD3600A5B97C /* Project object */;
			proxyType = 1;
			remoteGlobalIDString = 9D6F26F12C89FD3600A5B97C;
			remoteInfo = HotSpringWorrier;
		};
		9D6F27132C89FD3700A5B97C /* PBXContainerItemProxy */ = {
			isa = PBXContainerItemProxy;
			containerPortal = 9D6F26EA2C89FD3600A5B97C /* Project object */;
			proxyType = 1;
			remoteGlobalIDString = 9D6F26F12C89FD3600A5B97C;
			remoteInfo = HotSpringWorrier;
		};
/* End PBXContainerItemProxy section */

/* Begin PBXFileReference section */
		341A8EF52CC52A160040C3CA /* Opening.swift */ = {isa = PBXFileReference; lastKnownFileType = sourcecode.swift; path = Opening.swift; sourceTree = "<group>"; };
		341A8EFA2CC52CFD0040C3CA /* OtaArea.swift */ = {isa = PBXFileReference; lastKnownFileType = sourcecode.swift; path = OtaArea.swift; sourceTree = "<group>"; };
		341A8EFC2CC52D140040C3CA /* Area.swift */ = {isa = PBXFileReference; lastKnownFileType = sourcecode.swift; path = Area.swift; sourceTree = "<group>"; };
		341A8EFE2CC52EDC0040C3CA /* AreaCSVLoader.swift */ = {isa = PBXFileReference; lastKnownFileType = sourcecode.swift; path = AreaCSVLoader.swift; sourceTree = "<group>"; };
		341A91ED2CD353200040C3CA /* QRReader.swift */ = {isa = PBXFileReference; lastKnownFileType = sourcecode.swift; path = QRReader.swift; sourceTree = "<group>"; };
		341A91EF2CD3A00F0040C3CA /* UserView.swift */ = {isa = PBXFileReference; lastKnownFileType = sourcecode.swift; path = UserView.swift; sourceTree = "<group>"; };
		341A91F42CD3AA960040C3CA /* Animation.swift */ = {isa = PBXFileReference; lastKnownFileType = sourcecode.swift; path = Animation.swift; sourceTree = "<group>"; };
		341A91F62CD3AE440040C3CA /* HoldHotWaterAnimation.swift */ = {isa = PBXFileReference; lastKnownFileType = sourcecode.swift; path = HoldHotWaterAnimation.swift; sourceTree = "<group>"; };
		341A92002CD3C3C50040C3CA /* LocationService.swift */ = {isa = PBXFileReference; lastKnownFileType = sourcecode.swift; path = LocationService.swift; sourceTree = "<group>"; };
		341A92022CD3C5360040C3CA /* RealLocationService.swift */ = {isa = PBXFileReference; lastKnownFileType = sourcecode.swift; path = RealLocationService.swift; sourceTree = "<group>"; };
		341A92042CD3C9270040C3CA /* MockLocationService.swift */ = {isa = PBXFileReference; lastKnownFileType = sourcecode.swift; path = MockLocationService.swift; sourceTree = "<group>"; };
		341A920F2CD5C3E50040C3CA /* NoticeLabel.swift */ = {isa = PBXFileReference; lastKnownFileType = sourcecode.swift; path = NoticeLabel.swift; sourceTree = "<group>"; };
		341A92112CD5CF6B0040C3CA /* Game.swift */ = {isa = PBXFileReference; lastKnownFileType = sourcecode.swift; path = Game.swift; sourceTree = "<group>"; };
		341A92192CD5F78E0040C3CA /* TextAnimationStrategy.swift */ = {isa = PBXFileReference; lastKnownFileType = sourcecode.swift; path = TextAnimationStrategy.swift; sourceTree = "<group>"; };
		341A921B2CD5F7F00040C3CA /* TypingTextAnimation.swift */ = {isa = PBXFileReference; lastKnownFileType = sourcecode.swift; path = TypingTextAnimation.swift; sourceTree = "<group>"; };
		341A921D2CD60BE70040C3CA /* BlinkingTextAnimation.swift */ = {isa = PBXFileReference; lastKnownFileType = sourcecode.swift; path = BlinkingTextAnimation.swift; sourceTree = "<group>"; };
		341A921F2CD612100040C3CA /* BadgeAnnotation.swift */ = {isa = PBXFileReference; lastKnownFileType = sourcecode.swift; path = BadgeAnnotation.swift; sourceTree = "<group>"; };
		341A922C2CD798CC0040C3CA /* ProgressBar.swift */ = {isa = PBXFileReference; lastKnownFileType = sourcecode.swift; path = ProgressBar.swift; sourceTree = "<group>"; };
		341A92302CD7E42A0040C3CA /* Ex+UIColor.swift */ = {isa = PBXFileReference; lastKnownFileType = sourcecode.swift; path = "Ex+UIColor.swift"; sourceTree = "<group>"; };
		341A92362CD8D2070040C3CA /* Ex+UIView.swift */ = {isa = PBXFileReference; lastKnownFileType = sourcecode.swift; path = "Ex+UIView.swift"; sourceTree = "<group>"; };
		341A923A2CD925090040C3CA /* piyoPark.txt */ = {isa = PBXFileReference; lastKnownFileType = text; path = piyoPark.txt; sourceTree = "<group>"; };
		341A923C2CD9253A0040C3CA /* PiyoParkArea.swift */ = {isa = PBXFileReference; lastKnownFileType = sourcecode.swift; path = PiyoParkArea.swift; sourceTree = "<group>"; };
		343D818C2CDA55160077D6A3 /* CleanProgressCalculator.swift */ = {isa = PBXFileReference; lastKnownFileType = sourcecode.swift; path = CleanProgressCalculator.swift; sourceTree = "<group>"; };
		343D819D2CDB5BBC0077D6A3 /* EraseCircleRenderer.swift */ = {isa = PBXFileReference; lastKnownFileType = sourcecode.swift; path = EraseCircleRenderer.swift; sourceTree = "<group>"; };
		9D6F26F22C89FD3600A5B97C /* HotSpringWarrior.app */ = {isa = PBXFileReference; explicitFileType = wrapper.application; includeInIndex = 0; path = HotSpringWarrior.app; sourceTree = BUILT_PRODUCTS_DIR; };
		9D6F26F52C89FD3600A5B97C /* AppDelegate.swift */ = {isa = PBXFileReference; lastKnownFileType = sourcecode.swift; path = AppDelegate.swift; sourceTree = "<group>"; };
		9D6F26F72C89FD3600A5B97C /* SceneDelegate.swift */ = {isa = PBXFileReference; lastKnownFileType = sourcecode.swift; path = SceneDelegate.swift; sourceTree = "<group>"; };
		9D6F26FE2C89FD3700A5B97C /* Assets.xcassets */ = {isa = PBXFileReference; lastKnownFileType = folder.assetcatalog; path = Assets.xcassets; sourceTree = "<group>"; };
		9D6F27032C89FD3700A5B97C /* Info.plist */ = {isa = PBXFileReference; lastKnownFileType = text.plist.xml; path = Info.plist; sourceTree = "<group>"; };
		9D6F27082C89FD3700A5B97C /* HotSpringWarriorTests.xctest */ = {isa = PBXFileReference; explicitFileType = wrapper.cfbundle; includeInIndex = 0; path = HotSpringWarriorTests.xctest; sourceTree = BUILT_PRODUCTS_DIR; };
		9D6F270C2C89FD3700A5B97C /* HotSpringWorrierTests.swift */ = {isa = PBXFileReference; lastKnownFileType = sourcecode.swift; path = HotSpringWorrierTests.swift; sourceTree = "<group>"; };
		9D6F27122C89FD3700A5B97C /* HotSpringWarriorUITests.xctest */ = {isa = PBXFileReference; explicitFileType = wrapper.cfbundle; includeInIndex = 0; path = HotSpringWarriorUITests.xctest; sourceTree = BUILT_PRODUCTS_DIR; };
		9D6F27162C89FD3700A5B97C /* HotSpringWarriorUITests.swift */ = {isa = PBXFileReference; lastKnownFileType = sourcecode.swift; path = HotSpringWarriorUITests.swift; sourceTree = "<group>"; };
		9D6F27182C89FD3700A5B97C /* HotSpringWarriorUITestsLaunchTests.swift */ = {isa = PBXFileReference; lastKnownFileType = sourcecode.swift; path = HotSpringWarriorUITestsLaunchTests.swift; sourceTree = "<group>"; };
		9D6F273F2C89FE3B00A5B97C /* OpeningViewController.swift */ = {isa = PBXFileReference; lastKnownFileType = sourcecode.swift; path = OpeningViewController.swift; sourceTree = "<group>"; };
		9D6F27422C8A0D4100A5B97C /* OpeningLabel.swift */ = {isa = PBXFileReference; lastKnownFileType = sourcecode.swift; path = OpeningLabel.swift; sourceTree = "<group>"; };
		9D6F27442C8A15AC00A5B97C /* TitleLabel.swift */ = {isa = PBXFileReference; lastKnownFileType = sourcecode.swift; path = TitleLabel.swift; sourceTree = "<group>"; };
		9D6F27462C8A857100A5B97C /* GameViewController.swift */ = {isa = PBXFileReference; lastKnownFileType = sourcecode.swift; path = GameViewController.swift; sourceTree = "<group>"; };
		9D6F27492C8A868800A5B97C /* MapKit.framework */ = {isa = PBXFileReference; lastKnownFileType = wrapper.framework; name = MapKit.framework; path = System/Library/Frameworks/MapKit.framework; sourceTree = SDKROOT; };
		9D6F27552C8ADBB400A5B97C /* otaArea.txt */ = {isa = PBXFileReference; fileEncoding = 4; lastKnownFileType = text; path = otaArea.txt; sourceTree = "<group>"; };
		9D6F27582C8B29A400A5B97C /* ErasePolylineRenderer.swift */ = {isa = PBXFileReference; lastKnownFileType = sourcecode.swift; path = ErasePolylineRenderer.swift; sourceTree = "<group>"; };
/* End PBXFileReference section */

/* Begin PBXFrameworksBuildPhase section */
		9D6F26EF2C89FD3600A5B97C /* Frameworks */ = {
			isa = PBXFrameworksBuildPhase;
			buildActionMask = 2147483647;
			files = (
			);
			runOnlyForDeploymentPostprocessing = 0;
		};
		9D6F27052C89FD3700A5B97C /* Frameworks */ = {
			isa = PBXFrameworksBuildPhase;
			buildActionMask = 2147483647;
			files = (
			);
			runOnlyForDeploymentPostprocessing = 0;
		};
		9D6F270F2C89FD3700A5B97C /* Frameworks */ = {
			isa = PBXFrameworksBuildPhase;
			buildActionMask = 2147483647;
			files = (
			);
			runOnlyForDeploymentPostprocessing = 0;
		};
/* End PBXFrameworksBuildPhase section */

/* Begin PBXGroup section */
		341A8EF42CC529FF0040C3CA /* Constant */ = {
			isa = PBXGroup;
			children = (
				341A92112CD5CF6B0040C3CA /* Game.swift */,
				341A8EF52CC52A160040C3CA /* Opening.swift */,
			);
			path = Constant;
			sourceTree = "<group>";
		};
		341A8EF92CC52CE30040C3CA /* Area */ = {
			isa = PBXGroup;
			children = (
				341A923C2CD9253A0040C3CA /* PiyoParkArea.swift */,
				341A8F002CC546980040C3CA /* Data */,
				341A8EFE2CC52EDC0040C3CA /* AreaCSVLoader.swift */,
				341A8EFC2CC52D140040C3CA /* Area.swift */,
				341A8EFA2CC52CFD0040C3CA /* OtaArea.swift */,
			);
			path = Area;
			sourceTree = "<group>";
		};
		341A8F002CC546980040C3CA /* Data */ = {
			isa = PBXGroup;
			children = (
				341A923A2CD925090040C3CA /* piyoPark.txt */,
				9D6F27552C8ADBB400A5B97C /* otaArea.txt */,
			);
			path = Data;
			sourceTree = "<group>";
		};
		341A91EC2CD3531A0040C3CA /* Service */ = {
			isa = PBXGroup;
			children = (
				343D818C2CDA55160077D6A3 /* CleanProgressCalculator.swift */,
				341A92042CD3C9270040C3CA /* MockLocationService.swift */,
				341A92022CD3C5360040C3CA /* RealLocationService.swift */,
				341A92002CD3C3C50040C3CA /* LocationService.swift */,
				341A91ED2CD353200040C3CA /* QRReader.swift */,
			);
			path = Service;
			sourceTree = "<group>";
		};
		341A91F32CD3AA8C0040C3CA /* UserAnimation */ = {
			isa = PBXGroup;
			children = (
				341A91F62CD3AE440040C3CA /* HoldHotWaterAnimation.swift */,
				341A91F42CD3AA960040C3CA /* Animation.swift */,
			);
			path = UserAnimation;
			sourceTree = "<group>";
		};
		9D6F26E92C89FD3600A5B97C = {
			isa = PBXGroup;
			children = (
				9D6F26F42C89FD3600A5B97C /* HotSpringWarrior */,
				9D6F270B2C89FD3700A5B97C /* HotSpringWarriorTests */,
				9D6F27152C89FD3700A5B97C /* HotSpringWarriorUITests */,
				9D6F26F32C89FD3600A5B97C /* Products */,
				9D6F27482C8A868800A5B97C /* Frameworks */,
			);
			sourceTree = "<group>";
		};
		9D6F26F32C89FD3600A5B97C /* Products */ = {
			isa = PBXGroup;
			children = (
				9D6F26F22C89FD3600A5B97C /* HotSpringWarrior.app */,
				9D6F27082C89FD3700A5B97C /* HotSpringWarriorTests.xctest */,
				9D6F27122C89FD3700A5B97C /* HotSpringWarriorUITests.xctest */,
			);
			name = Products;
			sourceTree = "<group>";
		};
		9D6F26F42C89FD3600A5B97C /* HotSpringWarrior */ = {
			isa = PBXGroup;
			children = (
				341A91F32CD3AA8C0040C3CA /* UserAnimation */,
				341A91EC2CD3531A0040C3CA /* Service */,
				341A8EF92CC52CE30040C3CA /* Area */,
				341A8EF42CC529FF0040C3CA /* Constant */,
				9D6F27572C8B297A00A5B97C /* Renderer */,
				9D6F274B2C8A890100A5B97C /* Ex */,
				9D6F27412C89FF3E00A5B97C /* View */,
				9D6F27252C89FDB400A5B97C /* ViewController */,
				9D6F26F52C89FD3600A5B97C /* AppDelegate.swift */,
				9D6F26F72C89FD3600A5B97C /* SceneDelegate.swift */,
				9D6F26FE2C89FD3700A5B97C /* Assets.xcassets */,
				9D6F27032C89FD3700A5B97C /* Info.plist */,
			);
			path = HotSpringWarrior;
			sourceTree = "<group>";
		};
		9D6F270B2C89FD3700A5B97C /* HotSpringWarriorTests */ = {
			isa = PBXGroup;
			children = (
				9D6F270C2C89FD3700A5B97C /* HotSpringWorrierTests.swift */,
			);
			path = HotSpringWarriorTests;
			sourceTree = "<group>";
		};
		9D6F27152C89FD3700A5B97C /* HotSpringWarriorUITests */ = {
			isa = PBXGroup;
			children = (
				9D6F27162C89FD3700A5B97C /* HotSpringWarriorUITests.swift */,
				9D6F27182C89FD3700A5B97C /* HotSpringWarriorUITestsLaunchTests.swift */,
			);
			path = HotSpringWarriorUITests;
			sourceTree = "<group>";
		};
		9D6F27252C89FDB400A5B97C /* ViewController */ = {
			isa = PBXGroup;
			children = (
				9D6F273F2C89FE3B00A5B97C /* OpeningViewController.swift */,
				9D6F27462C8A857100A5B97C /* GameViewController.swift */,
			);
			path = ViewController;
			sourceTree = "<group>";
		};
		9D6F27412C89FF3E00A5B97C /* View */ = {
			isa = PBXGroup;
			children = (
				341A922C2CD798CC0040C3CA /* ProgressBar.swift */,
				341A921F2CD612100040C3CA /* BadgeAnnotation.swift */,
				341A921D2CD60BE70040C3CA /* BlinkingTextAnimation.swift */,
				341A921B2CD5F7F00040C3CA /* TypingTextAnimation.swift */,
				341A92192CD5F78E0040C3CA /* TextAnimationStrategy.swift */,
				341A920F2CD5C3E50040C3CA /* NoticeLabel.swift */,
				341A91EF2CD3A00F0040C3CA /* UserView.swift */,
				9D6F27422C8A0D4100A5B97C /* OpeningLabel.swift */,
				9D6F27442C8A15AC00A5B97C /* TitleLabel.swift */,
			);
			path = View;
			sourceTree = "<group>";
		};
		9D6F27482C8A868800A5B97C /* Frameworks */ = {
			isa = PBXGroup;
			children = (
				9D6F27492C8A868800A5B97C /* MapKit.framework */,
			);
			name = Frameworks;
			sourceTree = "<group>";
		};
		9D6F274B2C8A890100A5B97C /* Ex */ = {
			isa = PBXGroup;
			children = (
				341A92362CD8D2070040C3CA /* Ex+UIView.swift */,
				341A92302CD7E42A0040C3CA /* Ex+UIColor.swift */,
			);
			path = Ex;
			sourceTree = "<group>";
		};
		9D6F27572C8B297A00A5B97C /* Renderer */ = {
			isa = PBXGroup;
			children = (
				343D819D2CDB5BBC0077D6A3 /* EraseCircleRenderer.swift */,
				9D6F27582C8B29A400A5B97C /* ErasePolylineRenderer.swift */,
			);
			path = Renderer;
			sourceTree = "<group>";
		};
/* End PBXGroup section */

/* Begin PBXNativeTarget section */
		9D6F26F12C89FD3600A5B97C /* HotSpringWarrior */ = {
			isa = PBXNativeTarget;
			buildConfigurationList = 9D6F271C2C89FD3700A5B97C /* Build configuration list for PBXNativeTarget "HotSpringWarrior" */;
			buildPhases = (
				9D6F26EE2C89FD3600A5B97C /* Sources */,
				9D6F26EF2C89FD3600A5B97C /* Frameworks */,
				9D6F26F02C89FD3600A5B97C /* Resources */,
			);
			buildRules = (
			);
			dependencies = (
			);
			name = HotSpringWarrior;
			productName = HotSpringWorrier;
			productReference = 9D6F26F22C89FD3600A5B97C /* HotSpringWarrior.app */;
			productType = "com.apple.product-type.application";
		};
		9D6F27072C89FD3700A5B97C /* HotSpringWarriorTests */ = {
			isa = PBXNativeTarget;
			buildConfigurationList = 9D6F271F2C89FD3700A5B97C /* Build configuration list for PBXNativeTarget "HotSpringWarriorTests" */;
			buildPhases = (
				9D6F27042C89FD3700A5B97C /* Sources */,
				9D6F27052C89FD3700A5B97C /* Frameworks */,
				9D6F27062C89FD3700A5B97C /* Resources */,
			);
			buildRules = (
			);
			dependencies = (
				9D6F270A2C89FD3700A5B97C /* PBXTargetDependency */,
			);
			name = HotSpringWarriorTests;
			productName = HotSpringWorrierTests;
			productReference = 9D6F27082C89FD3700A5B97C /* HotSpringWarriorTests.xctest */;
			productType = "com.apple.product-type.bundle.unit-test";
		};
		9D6F27112C89FD3700A5B97C /* HotSpringWarriorUITests */ = {
			isa = PBXNativeTarget;
			buildConfigurationList = 9D6F27222C89FD3700A5B97C /* Build configuration list for PBXNativeTarget "HotSpringWarriorUITests" */;
			buildPhases = (
				9D6F270E2C89FD3700A5B97C /* Sources */,
				9D6F270F2C89FD3700A5B97C /* Frameworks */,
				9D6F27102C89FD3700A5B97C /* Resources */,
			);
			buildRules = (
			);
			dependencies = (
				9D6F27142C89FD3700A5B97C /* PBXTargetDependency */,
			);
			name = HotSpringWarriorUITests;
			productName = HotSpringWorrierUITests;
			productReference = 9D6F27122C89FD3700A5B97C /* HotSpringWarriorUITests.xctest */;
			productType = "com.apple.product-type.bundle.ui-testing";
		};
/* End PBXNativeTarget section */

/* Begin PBXProject section */
		9D6F26EA2C89FD3600A5B97C /* Project object */ = {
			isa = PBXProject;
			attributes = {
				BuildIndependentTargetsInParallel = 1;
				LastSwiftUpdateCheck = 1540;
				LastUpgradeCheck = 1540;
				TargetAttributes = {
					9D6F26F12C89FD3600A5B97C = {
						CreatedOnToolsVersion = 15.4;
					};
					9D6F27072C89FD3700A5B97C = {
						CreatedOnToolsVersion = 15.4;
						TestTargetID = 9D6F26F12C89FD3600A5B97C;
					};
					9D6F27112C89FD3700A5B97C = {
						CreatedOnToolsVersion = 15.4;
						TestTargetID = 9D6F26F12C89FD3600A5B97C;
					};
				};
			};
			buildConfigurationList = 9D6F26ED2C89FD3600A5B97C /* Build configuration list for PBXProject "HotSpringWarrior" */;
			compatibilityVersion = "Xcode 14.0";
			developmentRegion = en;
			hasScannedForEncodings = 0;
			knownRegions = (
				en,
				Base,
			);
			mainGroup = 9D6F26E92C89FD3600A5B97C;
			productRefGroup = 9D6F26F32C89FD3600A5B97C /* Products */;
			projectDirPath = "";
			projectRoot = "";
			targets = (
				9D6F26F12C89FD3600A5B97C /* HotSpringWarrior */,
				9D6F27072C89FD3700A5B97C /* HotSpringWarriorTests */,
				9D6F27112C89FD3700A5B97C /* HotSpringWarriorUITests */,
			);
		};
/* End PBXProject section */

/* Begin PBXResourcesBuildPhase section */
		9D6F26F02C89FD3600A5B97C /* Resources */ = {
			isa = PBXResourcesBuildPhase;
			buildActionMask = 2147483647;
			files = (
				9D6F26FF2C89FD3700A5B97C /* Assets.xcassets in Resources */,
				9D6F27562C8ADBB400A5B97C /* otaArea.txt in Resources */,
				341A923B2CD925110040C3CA /* piyoPark.txt in Resources */,
			);
			runOnlyForDeploymentPostprocessing = 0;
		};
		9D6F27062C89FD3700A5B97C /* Resources */ = {
			isa = PBXResourcesBuildPhase;
			buildActionMask = 2147483647;
			files = (
			);
			runOnlyForDeploymentPostprocessing = 0;
		};
		9D6F27102C89FD3700A5B97C /* Resources */ = {
			isa = PBXResourcesBuildPhase;
			buildActionMask = 2147483647;
			files = (
			);
			runOnlyForDeploymentPostprocessing = 0;
		};
/* End PBXResourcesBuildPhase section */

/* Begin PBXSourcesBuildPhase section */
		9D6F26EE2C89FD3600A5B97C /* Sources */ = {
			isa = PBXSourcesBuildPhase;
			buildActionMask = 2147483647;
			files = (
				9D6F27592C8B29A400A5B97C /* ErasePolylineRenderer.swift in Sources */,
				341A91EE2CD353270040C3CA /* QRReader.swift in Sources */,
				341A8EFD2CC52D180040C3CA /* Area.swift in Sources */,
				341A921C2CD5F7FE0040C3CA /* TypingTextAnimation.swift in Sources */,
				9D6F27402C89FE3B00A5B97C /* OpeningViewController.swift in Sources */,
				341A923D2CD925440040C3CA /* PiyoParkArea.swift in Sources */,
				341A8EF62CC52A1B0040C3CA /* Opening.swift in Sources */,
				341A92052CD3C9440040C3CA /* MockLocationService.swift in Sources */,
				341A92102CD5C47C0040C3CA /* NoticeLabel.swift in Sources */,
				341A8EFF2CC52EF10040C3CA /* AreaCSVLoader.swift in Sources */,
				9D6F26F62C89FD3600A5B97C /* AppDelegate.swift in Sources */,
				341A921A2CD5F7950040C3CA /* TextAnimationStrategy.swift in Sources */,
				341A8EFB2CC52D0E0040C3CA /* OtaArea.swift in Sources */,
				9D6F26F82C89FD3600A5B97C /* SceneDelegate.swift in Sources */,
				343D819E2CDB5BD90077D6A3 /* EraseCircleRenderer.swift in Sources */,
				9D6F27452C8A15AC00A5B97C /* TitleLabel.swift in Sources */,
				341A92312CD7E42F0040C3CA /* Ex+UIColor.swift in Sources */,
				9D6F27472C8A857100A5B97C /* GameViewController.swift in Sources */,
				341A91F52CD3AAA30040C3CA /* Animation.swift in Sources */,
				341A92032CD3C53E0040C3CA /* RealLocationService.swift in Sources */,
				343D818D2CDA56FC0077D6A3 /* CleanProgressCalculator.swift in Sources */,
				9D6F27432C8A0D4100A5B97C /* OpeningLabel.swift in Sources */,
				341A92202CD6121C0040C3CA /* BadgeAnnotation.swift in Sources */,
				341A921E2CD60BE80040C3CA /* BlinkingTextAnimation.swift in Sources */,
				341A92122CD5CF740040C3CA /* Game.swift in Sources */,
				341A92372CD8D20B0040C3CA /* Ex+UIView.swift in Sources */,
				341A922D2CD798CF0040C3CA /* ProgressBar.swift in Sources */,
				341A91F72CD3AEC90040C3CA /* HoldHotWaterAnimation.swift in Sources */,
				341A92012CD3C3CF0040C3CA /* LocationService.swift in Sources */,
				341A91F02CD3A0140040C3CA /* UserView.swift in Sources */,
			);
			runOnlyForDeploymentPostprocessing = 0;
		};
		9D6F27042C89FD3700A5B97C /* Sources */ = {
			isa = PBXSourcesBuildPhase;
			buildActionMask = 2147483647;
			files = (
				9D6F270D2C89FD3700A5B97C /* HotSpringWorrierTests.swift in Sources */,
			);
			runOnlyForDeploymentPostprocessing = 0;
		};
		9D6F270E2C89FD3700A5B97C /* Sources */ = {
			isa = PBXSourcesBuildPhase;
			buildActionMask = 2147483647;
			files = (
				9D6F27192C89FD3700A5B97C /* HotSpringWarriorUITestsLaunchTests.swift in Sources */,
				9D6F27172C89FD3700A5B97C /* HotSpringWarriorUITests.swift in Sources */,
			);
			runOnlyForDeploymentPostprocessing = 0;
		};
/* End PBXSourcesBuildPhase section */

/* Begin PBXTargetDependency section */
		9D6F270A2C89FD3700A5B97C /* PBXTargetDependency */ = {
			isa = PBXTargetDependency;
			target = 9D6F26F12C89FD3600A5B97C /* HotSpringWarrior */;
			targetProxy = 9D6F27092C89FD3700A5B97C /* PBXContainerItemProxy */;
		};
		9D6F27142C89FD3700A5B97C /* PBXTargetDependency */ = {
			isa = PBXTargetDependency;
			target = 9D6F26F12C89FD3600A5B97C /* HotSpringWarrior */;
			targetProxy = 9D6F27132C89FD3700A5B97C /* PBXContainerItemProxy */;
		};
/* End PBXTargetDependency section */

/* Begin XCBuildConfiguration section */
		9D6F271A2C89FD3700A5B97C /* Debug */ = {
			isa = XCBuildConfiguration;
			buildSettings = {
				ALWAYS_SEARCH_USER_PATHS = NO;
				ASSETCATALOG_COMPILER_GENERATE_SWIFT_ASSET_SYMBOL_EXTENSIONS = YES;
				CLANG_ANALYZER_NONNULL = YES;
				CLANG_ANALYZER_NUMBER_OBJECT_CONVERSION = YES_AGGRESSIVE;
				CLANG_CXX_LANGUAGE_STANDARD = "gnu++20";
				CLANG_ENABLE_MODULES = YES;
				CLANG_ENABLE_OBJC_ARC = YES;
				CLANG_ENABLE_OBJC_WEAK = YES;
				CLANG_WARN_BLOCK_CAPTURE_AUTORELEASING = YES;
				CLANG_WARN_BOOL_CONVERSION = YES;
				CLANG_WARN_COMMA = YES;
				CLANG_WARN_CONSTANT_CONVERSION = YES;
				CLANG_WARN_DEPRECATED_OBJC_IMPLEMENTATIONS = YES;
				CLANG_WARN_DIRECT_OBJC_ISA_USAGE = YES_ERROR;
				CLANG_WARN_DOCUMENTATION_COMMENTS = YES;
				CLANG_WARN_EMPTY_BODY = YES;
				CLANG_WARN_ENUM_CONVERSION = YES;
				CLANG_WARN_INFINITE_RECURSION = YES;
				CLANG_WARN_INT_CONVERSION = YES;
				CLANG_WARN_NON_LITERAL_NULL_CONVERSION = YES;
				CLANG_WARN_OBJC_IMPLICIT_RETAIN_SELF = YES;
				CLANG_WARN_OBJC_LITERAL_CONVERSION = YES;
				CLANG_WARN_OBJC_ROOT_CLASS = YES_ERROR;
				CLANG_WARN_QUOTED_INCLUDE_IN_FRAMEWORK_HEADER = YES;
				CLANG_WARN_RANGE_LOOP_ANALYSIS = YES;
				CLANG_WARN_STRICT_PROTOTYPES = YES;
				CLANG_WARN_SUSPICIOUS_MOVE = YES;
				CLANG_WARN_UNGUARDED_AVAILABILITY = YES_AGGRESSIVE;
				CLANG_WARN_UNREACHABLE_CODE = YES;
				CLANG_WARN__DUPLICATE_METHOD_MATCH = YES;
				COPY_PHASE_STRIP = NO;
				DEBUG_INFORMATION_FORMAT = dwarf;
				ENABLE_STRICT_OBJC_MSGSEND = YES;
				ENABLE_TESTABILITY = YES;
				ENABLE_USER_SCRIPT_SANDBOXING = YES;
				GCC_C_LANGUAGE_STANDARD = gnu17;
				GCC_DYNAMIC_NO_PIC = NO;
				GCC_NO_COMMON_BLOCKS = YES;
				GCC_OPTIMIZATION_LEVEL = 0;
				GCC_PREPROCESSOR_DEFINITIONS = (
					"DEBUG=1",
					"$(inherited)",
				);
				GCC_WARN_64_TO_32_BIT_CONVERSION = YES;
				GCC_WARN_ABOUT_RETURN_TYPE = YES_ERROR;
				GCC_WARN_UNDECLARED_SELECTOR = YES;
				GCC_WARN_UNINITIALIZED_AUTOS = YES_AGGRESSIVE;
				GCC_WARN_UNUSED_FUNCTION = YES;
				GCC_WARN_UNUSED_VARIABLE = YES;
				IPHONEOS_DEPLOYMENT_TARGET = 17.5;
				LOCALIZATION_PREFERS_STRING_CATALOGS = YES;
				MTL_ENABLE_DEBUG_INFO = INCLUDE_SOURCE;
				MTL_FAST_MATH = YES;
				ONLY_ACTIVE_ARCH = YES;
				SDKROOT = iphoneos;
				SWIFT_ACTIVE_COMPILATION_CONDITIONS = "DEBUG $(inherited)";
				SWIFT_OPTIMIZATION_LEVEL = "-Onone";
			};
			name = Debug;
		};
		9D6F271B2C89FD3700A5B97C /* Release */ = {
			isa = XCBuildConfiguration;
			buildSettings = {
				ALWAYS_SEARCH_USER_PATHS = NO;
				ASSETCATALOG_COMPILER_GENERATE_SWIFT_ASSET_SYMBOL_EXTENSIONS = YES;
				CLANG_ANALYZER_NONNULL = YES;
				CLANG_ANALYZER_NUMBER_OBJECT_CONVERSION = YES_AGGRESSIVE;
				CLANG_CXX_LANGUAGE_STANDARD = "gnu++20";
				CLANG_ENABLE_MODULES = YES;
				CLANG_ENABLE_OBJC_ARC = YES;
				CLANG_ENABLE_OBJC_WEAK = YES;
				CLANG_WARN_BLOCK_CAPTURE_AUTORELEASING = YES;
				CLANG_WARN_BOOL_CONVERSION = YES;
				CLANG_WARN_COMMA = YES;
				CLANG_WARN_CONSTANT_CONVERSION = YES;
				CLANG_WARN_DEPRECATED_OBJC_IMPLEMENTATIONS = YES;
				CLANG_WARN_DIRECT_OBJC_ISA_USAGE = YES_ERROR;
				CLANG_WARN_DOCUMENTATION_COMMENTS = YES;
				CLANG_WARN_EMPTY_BODY = YES;
				CLANG_WARN_ENUM_CONVERSION = YES;
				CLANG_WARN_INFINITE_RECURSION = YES;
				CLANG_WARN_INT_CONVERSION = YES;
				CLANG_WARN_NON_LITERAL_NULL_CONVERSION = YES;
				CLANG_WARN_OBJC_IMPLICIT_RETAIN_SELF = YES;
				CLANG_WARN_OBJC_LITERAL_CONVERSION = YES;
				CLANG_WARN_OBJC_ROOT_CLASS = YES_ERROR;
				CLANG_WARN_QUOTED_INCLUDE_IN_FRAMEWORK_HEADER = YES;
				CLANG_WARN_RANGE_LOOP_ANALYSIS = YES;
				CLANG_WARN_STRICT_PROTOTYPES = YES;
				CLANG_WARN_SUSPICIOUS_MOVE = YES;
				CLANG_WARN_UNGUARDED_AVAILABILITY = YES_AGGRESSIVE;
				CLANG_WARN_UNREACHABLE_CODE = YES;
				CLANG_WARN__DUPLICATE_METHOD_MATCH = YES;
				COPY_PHASE_STRIP = NO;
				DEBUG_INFORMATION_FORMAT = "dwarf-with-dsym";
				ENABLE_NS_ASSERTIONS = NO;
				ENABLE_STRICT_OBJC_MSGSEND = YES;
				ENABLE_USER_SCRIPT_SANDBOXING = YES;
				GCC_C_LANGUAGE_STANDARD = gnu17;
				GCC_NO_COMMON_BLOCKS = YES;
				GCC_WARN_64_TO_32_BIT_CONVERSION = YES;
				GCC_WARN_ABOUT_RETURN_TYPE = YES_ERROR;
				GCC_WARN_UNDECLARED_SELECTOR = YES;
				GCC_WARN_UNINITIALIZED_AUTOS = YES_AGGRESSIVE;
				GCC_WARN_UNUSED_FUNCTION = YES;
				GCC_WARN_UNUSED_VARIABLE = YES;
				IPHONEOS_DEPLOYMENT_TARGET = 17.5;
				LOCALIZATION_PREFERS_STRING_CATALOGS = YES;
				MTL_ENABLE_DEBUG_INFO = NO;
				MTL_FAST_MATH = YES;
				SDKROOT = iphoneos;
				SWIFT_COMPILATION_MODE = wholemodule;
				VALIDATE_PRODUCT = YES;
			};
			name = Release;
		};
		9D6F271D2C89FD3700A5B97C /* Debug */ = {
			isa = XCBuildConfiguration;
			buildSettings = {
				ASSETCATALOG_COMPILER_APPICON_NAME = AppIcon;
				ASSETCATALOG_COMPILER_GLOBAL_ACCENT_COLOR_NAME = AccentColor;
				CODE_SIGN_STYLE = Automatic;
				CURRENT_PROJECT_VERSION = 1;
				DEVELOPMENT_TEAM = F6JNWD6HR5;
				GENERATE_INFOPLIST_FILE = YES;
				INFOPLIST_FILE = HotSpringWarrior/Info.plist;
				INFOPLIST_KEY_NSCameraUsageDescription = "QRコードを読み取るために使用";
				INFOPLIST_KEY_NSLocationAlwaysAndWhenInUseUsageDescription = "位置情報を元にゲームを行うのに必要です。";
				INFOPLIST_KEY_NSLocationAlwaysUsageDescription = "位置情報を元にゲームを行うのに必要です。";
				INFOPLIST_KEY_NSLocationWhenInUseUsageDescription = "このアプリは位置情報が必要です。";
				INFOPLIST_KEY_UIApplicationSupportsIndirectInputEvents = YES;
				INFOPLIST_KEY_UILaunchStoryboardName = LaunchScreen;
				INFOPLIST_KEY_UISupportedInterfaceOrientations_iPad = "UIInterfaceOrientationPortrait UIInterfaceOrientationPortraitUpsideDown UIInterfaceOrientationLandscapeLeft UIInterfaceOrientationLandscapeRight";
				INFOPLIST_KEY_UISupportedInterfaceOrientations_iPhone = "UIInterfaceOrientationPortrait UIInterfaceOrientationLandscapeLeft UIInterfaceOrientationLandscapeRight";
				LD_RUNPATH_SEARCH_PATHS = (
					"$(inherited)",
					"@executable_path/Frameworks",
				);
				MARKETING_VERSION = 1.0;
				PRODUCT_BUNDLE_IDENTIFIER = "t-wakita.HotSpringWarrior";
				PRODUCT_NAME = "$(TARGET_NAME)";
				SWIFT_EMIT_LOC_STRINGS = YES;
				SWIFT_VERSION = 5.0;
				TARGETED_DEVICE_FAMILY = "1,2";
			};
			name = Debug;
		};
		9D6F271E2C89FD3700A5B97C /* Release */ = {
			isa = XCBuildConfiguration;
			buildSettings = {
				ASSETCATALOG_COMPILER_APPICON_NAME = AppIcon;
				ASSETCATALOG_COMPILER_GLOBAL_ACCENT_COLOR_NAME = AccentColor;
				CODE_SIGN_STYLE = Automatic;
				CURRENT_PROJECT_VERSION = 1;
				DEVELOPMENT_TEAM = F6JNWD6HR5;
				GENERATE_INFOPLIST_FILE = YES;
				INFOPLIST_FILE = HotSpringWarrior/Info.plist;
				INFOPLIST_KEY_NSCameraUsageDescription = "QRコードを読み取るために使用";
				INFOPLIST_KEY_NSLocationAlwaysAndWhenInUseUsageDescription = "位置情報を元にゲームを行うのに必要です。";
				INFOPLIST_KEY_NSLocationAlwaysUsageDescription = "位置情報を元にゲームを行うのに必要です。";
				INFOPLIST_KEY_NSLocationWhenInUseUsageDescription = "このアプリは位置情報が必要です。";
				INFOPLIST_KEY_UIApplicationSupportsIndirectInputEvents = YES;
				INFOPLIST_KEY_UILaunchStoryboardName = LaunchScreen;
				INFOPLIST_KEY_UISupportedInterfaceOrientations_iPad = "UIInterfaceOrientationPortrait UIInterfaceOrientationPortraitUpsideDown UIInterfaceOrientationLandscapeLeft UIInterfaceOrientationLandscapeRight";
				INFOPLIST_KEY_UISupportedInterfaceOrientations_iPhone = "UIInterfaceOrientationPortrait UIInterfaceOrientationLandscapeLeft UIInterfaceOrientationLandscapeRight";
				LD_RUNPATH_SEARCH_PATHS = (
					"$(inherited)",
					"@executable_path/Frameworks",
				);
				MARKETING_VERSION = 1.0;
				PRODUCT_BUNDLE_IDENTIFIER = "t-wakita.HotSpringWarrior";
				PRODUCT_NAME = "$(TARGET_NAME)";
				SWIFT_EMIT_LOC_STRINGS = YES;
				SWIFT_VERSION = 5.0;
				TARGETED_DEVICE_FAMILY = "1,2";
			};
			name = Release;
		};
		9D6F27202C89FD3700A5B97C /* Debug */ = {
			isa = XCBuildConfiguration;
			buildSettings = {
				ALWAYS_EMBED_SWIFT_STANDARD_LIBRARIES = YES;
				BUNDLE_LOADER = "$(TEST_HOST)";
				CODE_SIGN_STYLE = Automatic;
				CURRENT_PROJECT_VERSION = 1;
				DEVELOPMENT_TEAM = 6HZ7Z596PW;
				GENERATE_INFOPLIST_FILE = YES;
				IPHONEOS_DEPLOYMENT_TARGET = 17.5;
				MARKETING_VERSION = 1.0;
				PRODUCT_BUNDLE_IDENTIFIER = "t-wakita.HotSpringWorrierTests";
				PRODUCT_NAME = "$(TARGET_NAME)";
				SWIFT_EMIT_LOC_STRINGS = NO;
				SWIFT_VERSION = 5.0;
				TARGETED_DEVICE_FAMILY = "1,2";
				TEST_HOST = "$(BUILT_PRODUCTS_DIR)/HotSpringWarrior.app/$(BUNDLE_EXECUTABLE_FOLDER_PATH)/HotSpringWarrior";
			};
			name = Debug;
		};
		9D6F27212C89FD3700A5B97C /* Release */ = {
			isa = XCBuildConfiguration;
			buildSettings = {
				ALWAYS_EMBED_SWIFT_STANDARD_LIBRARIES = YES;
				BUNDLE_LOADER = "$(TEST_HOST)";
				CODE_SIGN_STYLE = Automatic;
				CURRENT_PROJECT_VERSION = 1;
				DEVELOPMENT_TEAM = 6HZ7Z596PW;
				GENERATE_INFOPLIST_FILE = YES;
				IPHONEOS_DEPLOYMENT_TARGET = 17.5;
				MARKETING_VERSION = 1.0;
				PRODUCT_BUNDLE_IDENTIFIER = "t-wakita.HotSpringWorrierTests";
				PRODUCT_NAME = "$(TARGET_NAME)";
				SWIFT_EMIT_LOC_STRINGS = NO;
				SWIFT_VERSION = 5.0;
				TARGETED_DEVICE_FAMILY = "1,2";
				TEST_HOST = "$(BUILT_PRODUCTS_DIR)/HotSpringWarrior.app/$(BUNDLE_EXECUTABLE_FOLDER_PATH)/HotSpringWarrior";
			};
			name = Release;
		};
		9D6F27232C89FD3700A5B97C /* Debug */ = {
			isa = XCBuildConfiguration;
			buildSettings = {
				ALWAYS_EMBED_SWIFT_STANDARD_LIBRARIES = YES;
				CODE_SIGN_STYLE = Automatic;
				CURRENT_PROJECT_VERSION = 1;
				DEVELOPMENT_TEAM = 6HZ7Z596PW;
				GENERATE_INFOPLIST_FILE = YES;
				MARKETING_VERSION = 1.0;
				PRODUCT_BUNDLE_IDENTIFIER = "t-wakita.HotSpringWorrierUITests";
				PRODUCT_NAME = "$(TARGET_NAME)";
				SWIFT_EMIT_LOC_STRINGS = NO;
				SWIFT_VERSION = 5.0;
				TARGETED_DEVICE_FAMILY = "1,2";
				TEST_TARGET_NAME = HotSpringWorrier;
			};
			name = Debug;
		};
		9D6F27242C89FD3700A5B97C /* Release */ = {
			isa = XCBuildConfiguration;
			buildSettings = {
				ALWAYS_EMBED_SWIFT_STANDARD_LIBRARIES = YES;
				CODE_SIGN_STYLE = Automatic;
				CURRENT_PROJECT_VERSION = 1;
				DEVELOPMENT_TEAM = 6HZ7Z596PW;
				GENERATE_INFOPLIST_FILE = YES;
				MARKETING_VERSION = 1.0;
				PRODUCT_BUNDLE_IDENTIFIER = "t-wakita.HotSpringWorrierUITests";
				PRODUCT_NAME = "$(TARGET_NAME)";
				SWIFT_EMIT_LOC_STRINGS = NO;
				SWIFT_VERSION = 5.0;
				TARGETED_DEVICE_FAMILY = "1,2";
				TEST_TARGET_NAME = HotSpringWorrier;
			};
			name = Release;
		};
/* End XCBuildConfiguration section */

/* Begin XCConfigurationList section */
		9D6F26ED2C89FD3600A5B97C /* Build configuration list for PBXProject "HotSpringWarrior" */ = {
			isa = XCConfigurationList;
			buildConfigurations = (
				9D6F271A2C89FD3700A5B97C /* Debug */,
				9D6F271B2C89FD3700A5B97C /* Release */,
			);
			defaultConfigurationIsVisible = 0;
			defaultConfigurationName = Release;
		};
		9D6F271C2C89FD3700A5B97C /* Build configuration list for PBXNativeTarget "HotSpringWarrior" */ = {
			isa = XCConfigurationList;
			buildConfigurations = (
				9D6F271D2C89FD3700A5B97C /* Debug */,
				9D6F271E2C89FD3700A5B97C /* Release */,
			);
			defaultConfigurationIsVisible = 0;
			defaultConfigurationName = Release;
		};
		9D6F271F2C89FD3700A5B97C /* Build configuration list for PBXNativeTarget "HotSpringWarriorTests" */ = {
			isa = XCConfigurationList;
			buildConfigurations = (
				9D6F27202C89FD3700A5B97C /* Debug */,
				9D6F27212C89FD3700A5B97C /* Release */,
			);
			defaultConfigurationIsVisible = 0;
			defaultConfigurationName = Release;
		};
		9D6F27222C89FD3700A5B97C /* Build configuration list for PBXNativeTarget "HotSpringWarriorUITests" */ = {
			isa = XCConfigurationList;
			buildConfigurations = (
				9D6F27232C89FD3700A5B97C /* Debug */,
				9D6F27242C89FD3700A5B97C /* Release */,
			);
			defaultConfigurationIsVisible = 0;
			defaultConfigurationName = Release;
		};
/* End XCConfigurationList section */
	};
	rootObject = 9D6F26EA2C89FD3600A5B97C /* Project object */;
}
